// !$*UTF8*$!
{
	archiveVersion = 1;
	classes = {
	};
	objectVersion = 56;
	objects = {

/* Begin PBXBuildFile section */
		9A0925392AD3F6930068F7BC /* UIKitExtensions.swift in Sources */ = {isa = PBXBuildFile; fileRef = 9A0925382AD3F6930068F7BC /* UIKitExtensions.swift */; };
		9A09253C2AD566C50068F7BC /* TargetingTableViewCell.swift in Sources */ = {isa = PBXBuildFile; fileRef = 9A09253A2AD566C50068F7BC /* TargetingTableViewCell.swift */; };
		9A09253F2AD593DC0068F7BC /* TargetingTableViewCell.xib in Resources */ = {isa = PBXBuildFile; fileRef = 9A09253E2AD593DC0068F7BC /* TargetingTableViewCell.xib */; };
		9A0925442AD5C2320068F7BC /* TargetingSpecificViewModel.swift in Sources */ = {isa = PBXBuildFile; fileRef = 9A0925432AD5C2320068F7BC /* TargetingSpecificViewModel.swift */; };
		9A2C76DF2ACB64AC00B1AEE8 /* AppDelegate.swift in Sources */ = {isa = PBXBuildFile; fileRef = 9A2C76DE2ACB64AC00B1AEE8 /* AppDelegate.swift */; };
		9A2C76E12ACB64AC00B1AEE8 /* SceneDelegate.swift in Sources */ = {isa = PBXBuildFile; fileRef = 9A2C76E02ACB64AC00B1AEE8 /* SceneDelegate.swift */; };
		9A2C76E62ACB64AC00B1AEE8 /* Main.storyboard in Resources */ = {isa = PBXBuildFile; fileRef = 9A2C76E42ACB64AC00B1AEE8 /* Main.storyboard */; };
		9A2C76E82ACB64AD00B1AEE8 /* Assets.xcassets in Resources */ = {isa = PBXBuildFile; fileRef = 9A2C76E72ACB64AD00B1AEE8 /* Assets.xcassets */; };
		9A2C76EB2ACB64AD00B1AEE8 /* LaunchScreen.storyboard in Resources */ = {isa = PBXBuildFile; fileRef = 9A2C76E92ACB64AD00B1AEE8 /* LaunchScreen.storyboard */; };
		9A2C76F32ACB64EC00B1AEE8 /* Campaigns.plist in Resources */ = {isa = PBXBuildFile; fileRef = 9A2C76F22ACB64EC00B1AEE8 /* Campaigns.plist */; };
		9A2C76F62ACB668100B1AEE8 /* SocialMediaCampaign.swift in Sources */ = {isa = PBXBuildFile; fileRef = 9A2C76F52ACB668100B1AEE8 /* SocialMediaCampaign.swift */; };
		9A2C76FA2ACB6C3500B1AEE8 /* TargetType.swift in Sources */ = {isa = PBXBuildFile; fileRef = 9A2C76F92ACB6C3500B1AEE8 /* TargetType.swift */; };
		9A2C76FC2ACB6EA600B1AEE8 /* FacebookMediaCampaign.swift in Sources */ = {isa = PBXBuildFile; fileRef = 9A2C76FB2ACB6EA600B1AEE8 /* FacebookMediaCampaign.swift */; };
		9A2E2FBE2AD7C26700382B48 /* CampaignDetailsTableViewCell.swift in Sources */ = {isa = PBXBuildFile; fileRef = 9A2E2FBC2AD7C26700382B48 /* CampaignDetailsTableViewCell.swift */; };
		9A2E2FBF2AD7C26700382B48 /* CampaignDetailsTableViewCell.xib in Resources */ = {isa = PBXBuildFile; fileRef = 9A2E2FBD2AD7C26700382B48 /* CampaignDetailsTableViewCell.xib */; };
		9A4467A52AD5E2D400AD3FC1 /* FlashOnSelectionTableViewCell.swift in Sources */ = {isa = PBXBuildFile; fileRef = 9A4467A42AD5E2D400AD3FC1 /* FlashOnSelectionTableViewCell.swift */; };
		9A4467A72AD5F29B00AD3FC1 /* FooterView.swift in Sources */ = {isa = PBXBuildFile; fileRef = 9A4467A62AD5F29B00AD3FC1 /* FooterView.swift */; };
		9A4467AB2AD5F51C00AD3FC1 /* FooterView.xib in Resources */ = {isa = PBXBuildFile; fileRef = 9A4467AA2AD5F51C00AD3FC1 /* FooterView.xib */; };
		9A4467AF2AD68D2F00AD3FC1 /* SelectCampaignViewController.swift in Sources */ = {isa = PBXBuildFile; fileRef = 9A4467AD2AD68D2F00AD3FC1 /* SelectCampaignViewController.swift */; };
		9A4467B02AD68D2F00AD3FC1 /* SelectCampaignViewController.xib in Resources */ = {isa = PBXBuildFile; fileRef = 9A4467AE2AD68D2F00AD3FC1 /* SelectCampaignViewController.xib */; };
		9A4467B32AD68D5E00AD3FC1 /* CampaignSelectionViewModel.swift in Sources */ = {isa = PBXBuildFile; fileRef = 9A4467B22AD68D5E00AD3FC1 /* CampaignSelectionViewModel.swift */; };
		9A4467B62AD6993400AD3FC1 /* CampaignTableViewCell.swift in Sources */ = {isa = PBXBuildFile; fileRef = 9A4467B52AD6993400AD3FC1 /* CampaignTableViewCell.swift */; };
		9A4467B82AD71FFE00AD3FC1 /* CampaignDetailsViewModel.swift in Sources */ = {isa = PBXBuildFile; fileRef = 9A4467B72AD71FFE00AD3FC1 /* CampaignDetailsViewModel.swift */; };
		9A4467BC2AD7274A00AD3FC1 /* CampaignDetailsViewController.swift in Sources */ = {isa = PBXBuildFile; fileRef = 9A4467BA2AD7274A00AD3FC1 /* CampaignDetailsViewController.swift */; };
		9A4467BD2AD7274A00AD3FC1 /* CampaignDetailsViewController.xib in Resources */ = {isa = PBXBuildFile; fileRef = 9A4467BB2AD7274A00AD3FC1 /* CampaignDetailsViewController.xib */; };
		9A4467C82AD739B600AD3FC1 /* Constants.swift in Sources */ = {isa = PBXBuildFile; fileRef = 9A4467C72AD739B600AD3FC1 /* Constants.swift */; };
		9A46143A2ACDA69B002C6594 /* SEOCampaign.swift in Sources */ = {isa = PBXBuildFile; fileRef = 9A4614392ACDA69B002C6594 /* SEOCampaign.swift */; };
		9A5046362ACE0006001D6C21 /* Targeting.plist in Resources */ = {isa = PBXBuildFile; fileRef = 9A5046352ACE0006001D6C21 /* Targeting.plist */; };
		9A50463A2ACEC2CC001D6C21 /* TargetingSpecifics.swift in Sources */ = {isa = PBXBuildFile; fileRef = 9A5046392ACEC2CC001D6C21 /* TargetingSpecifics.swift */; };
		9A5046522AD1939A001D6C21 /* SpecificsViewController.swift in Sources */ = {isa = PBXBuildFile; fileRef = 9A5046512AD1939A001D6C21 /* SpecificsViewController.swift */; };
		9A837B962ACBF4DF002F2B3C /* LinkedInMediaCampaign.swift in Sources */ = {isa = PBXBuildFile; fileRef = 9A837B952ACBF4DF002F2B3C /* LinkedInMediaCampaign.swift */; };
		9A837B9A2ACBFF4C002F2B3C /* DataParser.swift in Sources */ = {isa = PBXBuildFile; fileRef = 9A837B992ACBFF4C002F2B3C /* DataParser.swift */; };
		9A837B9C2ACC0139002F2B3C /* DataProvider.swift in Sources */ = {isa = PBXBuildFile; fileRef = 9A837B9B2ACC0139002F2B3C /* DataProvider.swift */; };
/* End PBXBuildFile section */

/* Begin PBXFileReference section */
		9A0925382AD3F6930068F7BC /* UIKitExtensions.swift */ = {isa = PBXFileReference; lastKnownFileType = sourcecode.swift; path = UIKitExtensions.swift; sourceTree = "<group>"; };
		9A09253A2AD566C50068F7BC /* TargetingTableViewCell.swift */ = {isa = PBXFileReference; lastKnownFileType = sourcecode.swift; path = TargetingTableViewCell.swift; sourceTree = "<group>"; };
		9A09253E2AD593DC0068F7BC /* TargetingTableViewCell.xib */ = {isa = PBXFileReference; lastKnownFileType = file.xib; path = TargetingTableViewCell.xib; sourceTree = "<group>"; };
		9A0925432AD5C2320068F7BC /* TargetingSpecificViewModel.swift */ = {isa = PBXFileReference; lastKnownFileType = sourcecode.swift; path = TargetingSpecificViewModel.swift; sourceTree = "<group>"; };
		9A2C76DB2ACB64AC00B1AEE8 /* AdCampaign.app */ = {isa = PBXFileReference; explicitFileType = wrapper.application; includeInIndex = 0; path = AdCampaign.app; sourceTree = BUILT_PRODUCTS_DIR; };
		9A2C76DE2ACB64AC00B1AEE8 /* AppDelegate.swift */ = {isa = PBXFileReference; lastKnownFileType = sourcecode.swift; path = AppDelegate.swift; sourceTree = "<group>"; };
		9A2C76E02ACB64AC00B1AEE8 /* SceneDelegate.swift */ = {isa = PBXFileReference; lastKnownFileType = sourcecode.swift; path = SceneDelegate.swift; sourceTree = "<group>"; };
		9A2C76E52ACB64AC00B1AEE8 /* Base */ = {isa = PBXFileReference; lastKnownFileType = file.storyboard; name = Base; path = Base.lproj/Main.storyboard; sourceTree = "<group>"; };
		9A2C76E72ACB64AD00B1AEE8 /* Assets.xcassets */ = {isa = PBXFileReference; lastKnownFileType = folder.assetcatalog; path = Assets.xcassets; sourceTree = "<group>"; };
		9A2C76EA2ACB64AD00B1AEE8 /* Base */ = {isa = PBXFileReference; lastKnownFileType = file.storyboard; name = Base; path = Base.lproj/LaunchScreen.storyboard; sourceTree = "<group>"; };
		9A2C76EC2ACB64AD00B1AEE8 /* Info.plist */ = {isa = PBXFileReference; lastKnownFileType = text.plist.xml; path = Info.plist; sourceTree = "<group>"; };
		9A2C76F22ACB64EC00B1AEE8 /* Campaigns.plist */ = {isa = PBXFileReference; lastKnownFileType = text.plist.xml; path = Campaigns.plist; sourceTree = "<group>"; };
		9A2C76F52ACB668100B1AEE8 /* SocialMediaCampaign.swift */ = {isa = PBXFileReference; lastKnownFileType = sourcecode.swift; path = SocialMediaCampaign.swift; sourceTree = "<group>"; };
		9A2C76F92ACB6C3500B1AEE8 /* TargetType.swift */ = {isa = PBXFileReference; lastKnownFileType = sourcecode.swift; path = TargetType.swift; sourceTree = "<group>"; };
		9A2C76FB2ACB6EA600B1AEE8 /* FacebookMediaCampaign.swift */ = {isa = PBXFileReference; lastKnownFileType = sourcecode.swift; path = FacebookMediaCampaign.swift; sourceTree = "<group>"; };
		9A2E2FBC2AD7C26700382B48 /* CampaignDetailsTableViewCell.swift */ = {isa = PBXFileReference; lastKnownFileType = sourcecode.swift; path = CampaignDetailsTableViewCell.swift; sourceTree = "<group>"; };
		9A2E2FBD2AD7C26700382B48 /* CampaignDetailsTableViewCell.xib */ = {isa = PBXFileReference; lastKnownFileType = file.xib; path = CampaignDetailsTableViewCell.xib; sourceTree = "<group>"; };
		9A4467A42AD5E2D400AD3FC1 /* FlashOnSelectionTableViewCell.swift */ = {isa = PBXFileReference; lastKnownFileType = sourcecode.swift; path = FlashOnSelectionTableViewCell.swift; sourceTree = "<group>"; };
		9A4467A62AD5F29B00AD3FC1 /* FooterView.swift */ = {isa = PBXFileReference; lastKnownFileType = sourcecode.swift; path = FooterView.swift; sourceTree = "<group>"; };
		9A4467AA2AD5F51C00AD3FC1 /* FooterView.xib */ = {isa = PBXFileReference; lastKnownFileType = file.xib; path = FooterView.xib; sourceTree = "<group>"; };
		9A4467AD2AD68D2F00AD3FC1 /* SelectCampaignViewController.swift */ = {isa = PBXFileReference; lastKnownFileType = sourcecode.swift; path = SelectCampaignViewController.swift; sourceTree = "<group>"; };
		9A4467AE2AD68D2F00AD3FC1 /* SelectCampaignViewController.xib */ = {isa = PBXFileReference; lastKnownFileType = file.xib; path = SelectCampaignViewController.xib; sourceTree = "<group>"; };
		9A4467B22AD68D5E00AD3FC1 /* CampaignSelectionViewModel.swift */ = {isa = PBXFileReference; lastKnownFileType = sourcecode.swift; path = CampaignSelectionViewModel.swift; sourceTree = "<group>"; };
		9A4467B52AD6993400AD3FC1 /* CampaignTableViewCell.swift */ = {isa = PBXFileReference; lastKnownFileType = sourcecode.swift; path = CampaignTableViewCell.swift; sourceTree = "<group>"; };
		9A4467B72AD71FFE00AD3FC1 /* CampaignDetailsViewModel.swift */ = {isa = PBXFileReference; lastKnownFileType = sourcecode.swift; path = CampaignDetailsViewModel.swift; sourceTree = "<group>"; };
		9A4467BA2AD7274A00AD3FC1 /* CampaignDetailsViewController.swift */ = {isa = PBXFileReference; lastKnownFileType = sourcecode.swift; path = CampaignDetailsViewController.swift; sourceTree = "<group>"; };
		9A4467BB2AD7274A00AD3FC1 /* CampaignDetailsViewController.xib */ = {isa = PBXFileReference; lastKnownFileType = file.xib; path = CampaignDetailsViewController.xib; sourceTree = "<group>"; };
		9A4467C72AD739B600AD3FC1 /* Constants.swift */ = {isa = PBXFileReference; lastKnownFileType = sourcecode.swift; path = Constants.swift; sourceTree = "<group>"; };
		9A4614392ACDA69B002C6594 /* SEOCampaign.swift */ = {isa = PBXFileReference; lastKnownFileType = sourcecode.swift; path = SEOCampaign.swift; sourceTree = "<group>"; };
		9A5046352ACE0006001D6C21 /* Targeting.plist */ = {isa = PBXFileReference; lastKnownFileType = text.plist.xml; path = Targeting.plist; sourceTree = "<group>"; };
		9A5046392ACEC2CC001D6C21 /* TargetingSpecifics.swift */ = {isa = PBXFileReference; lastKnownFileType = sourcecode.swift; path = TargetingSpecifics.swift; sourceTree = "<group>"; };
		9A5046512AD1939A001D6C21 /* SpecificsViewController.swift */ = {isa = PBXFileReference; lastKnownFileType = sourcecode.swift; path = SpecificsViewController.swift; sourceTree = "<group>"; };
		9A837B952ACBF4DF002F2B3C /* LinkedInMediaCampaign.swift */ = {isa = PBXFileReference; lastKnownFileType = sourcecode.swift; path = LinkedInMediaCampaign.swift; sourceTree = "<group>"; };
		9A837B992ACBFF4C002F2B3C /* DataParser.swift */ = {isa = PBXFileReference; lastKnownFileType = sourcecode.swift; path = DataParser.swift; sourceTree = "<group>"; };
		9A837B9B2ACC0139002F2B3C /* DataProvider.swift */ = {isa = PBXFileReference; lastKnownFileType = sourcecode.swift; path = DataProvider.swift; sourceTree = "<group>"; };
/* End PBXFileReference section */

/* Begin PBXFrameworksBuildPhase section */
		9A2C76D82ACB64AC00B1AEE8 /* Frameworks */ = {
			isa = PBXFrameworksBuildPhase;
			buildActionMask = 2147483647;
			files = (
			);
			runOnlyForDeploymentPostprocessing = 0;
		};
/* End PBXFrameworksBuildPhase section */

/* Begin PBXGroup section */
		9A0925372AD3F67D0068F7BC /* Utils */ = {
			isa = PBXGroup;
			children = (
				9A0925382AD3F6930068F7BC /* UIKitExtensions.swift */,
				9A4467C72AD739B600AD3FC1 /* Constants.swift */,
			);
			path = Utils;
			sourceTree = "<group>";
		};
		9A0925422AD5C20F0068F7BC /* ViewModel */ = {
			isa = PBXGroup;
			children = (
				9A0925432AD5C2320068F7BC /* TargetingSpecificViewModel.swift */,
			);
			path = ViewModel;
			sourceTree = "<group>";
		};
		9A2C76D22ACB64AC00B1AEE8 = {
			isa = PBXGroup;
			children = (
				9A2C76DD2ACB64AC00B1AEE8 /* AdCampaign */,
				9A2C76DC2ACB64AC00B1AEE8 /* Products */,
			);
			sourceTree = "<group>";
		};
		9A2C76DC2ACB64AC00B1AEE8 /* Products */ = {
			isa = PBXGroup;
			children = (
				9A2C76DB2ACB64AC00B1AEE8 /* AdCampaign.app */,
			);
			name = Products;
			sourceTree = "<group>";
		};
		9A2C76DD2ACB64AC00B1AEE8 /* AdCampaign */ = {
			isa = PBXGroup;
			children = (
				9A2C76DE2ACB64AC00B1AEE8 /* AppDelegate.swift */,
				9A2C76E02ACB64AC00B1AEE8 /* SceneDelegate.swift */,
				9A5046372ACEC2A7001D6C21 /* Targeting */,
				9A4467AC2AD68CB600AD3FC1 /* SelectCampaign */,
				9A837B972ACBFEFF002F2B3C /* Campaign */,
				9A0925372AD3F67D0068F7BC /* Utils */,
				9A5046342ACDFFCF001D6C21 /* Resources */,
				9A2C76E42ACB64AC00B1AEE8 /* Main.storyboard */,
				9A2C76E72ACB64AD00B1AEE8 /* Assets.xcassets */,
				9A2C76E92ACB64AD00B1AEE8 /* LaunchScreen.storyboard */,
				9A2C76EC2ACB64AD00B1AEE8 /* Info.plist */,
			);
			path = AdCampaign;
			sourceTree = "<group>";
		};
		9A2C76F42ACB656600B1AEE8 /* Model */ = {
			isa = PBXGroup;
			children = (
				9A2C76F52ACB668100B1AEE8 /* SocialMediaCampaign.swift */,
				9A2C76F92ACB6C3500B1AEE8 /* TargetType.swift */,
				9A2C76FB2ACB6EA600B1AEE8 /* FacebookMediaCampaign.swift */,
				9A4614392ACDA69B002C6594 /* SEOCampaign.swift */,
				9A837B952ACBF4DF002F2B3C /* LinkedInMediaCampaign.swift */,
			);
			path = Model;
			sourceTree = "<group>";
		};
		9A4467AC2AD68CB600AD3FC1 /* SelectCampaign */ = {
			isa = PBXGroup;
			children = (
				9A4467B42AD68DFA00AD3FC1 /* ViewModel */,
				9A4467B12AD68D3300AD3FC1 /* View */,
			);
			path = SelectCampaign;
			sourceTree = "<group>";
		};
		9A4467B12AD68D3300AD3FC1 /* View */ = {
			isa = PBXGroup;
			children = (
				9A4467B52AD6993400AD3FC1 /* CampaignTableViewCell.swift */,
				9A4467AD2AD68D2F00AD3FC1 /* SelectCampaignViewController.swift */,
				9A4467AE2AD68D2F00AD3FC1 /* SelectCampaignViewController.xib */,
			);
			path = View;
			sourceTree = "<group>";
		};
		9A4467B42AD68DFA00AD3FC1 /* ViewModel */ = {
			isa = PBXGroup;
			children = (
				9A4467B22AD68D5E00AD3FC1 /* CampaignSelectionViewModel.swift */,
			);
			path = ViewModel;
			sourceTree = "<group>";
		};
		9A4467B92AD7272600AD3FC1 /* View */ = {
			isa = PBXGroup;
			children = (
				9A4467BA2AD7274A00AD3FC1 /* CampaignDetailsViewController.swift */,
				9A4467BB2AD7274A00AD3FC1 /* CampaignDetailsViewController.xib */,
				9A2E2FBC2AD7C26700382B48 /* CampaignDetailsTableViewCell.swift */,
				9A2E2FBD2AD7C26700382B48 /* CampaignDetailsTableViewCell.xib */,
			);
			path = View;
			sourceTree = "<group>";
		};
		9A5046342ACDFFCF001D6C21 /* Resources */ = {
			isa = PBXGroup;
			children = (
				9A5046352ACE0006001D6C21 /* Targeting.plist */,
				9A2C76F22ACB64EC00B1AEE8 /* Campaigns.plist */,
			);
			path = Resources;
			sourceTree = "<group>";
		};
		9A5046372ACEC2A7001D6C21 /* Targeting */ = {
			isa = PBXGroup;
			children = (
				9A5046382ACEC2B7001D6C21 /* Model */,
				9A0925422AD5C20F0068F7BC /* ViewModel */,
				9A50463D2AD18724001D6C21 /* View */,
			);
			path = Targeting;
			sourceTree = "<group>";
		};
		9A5046382ACEC2B7001D6C21 /* Model */ = {
			isa = PBXGroup;
			children = (
				9A5046392ACEC2CC001D6C21 /* TargetingSpecifics.swift */,
			);
			path = Model;
			sourceTree = "<group>";
		};
		9A50463D2AD18724001D6C21 /* View */ = {
			isa = PBXGroup;
			children = (
				9A4467A42AD5E2D400AD3FC1 /* FlashOnSelectionTableViewCell.swift */,
				9A09253A2AD566C50068F7BC /* TargetingTableViewCell.swift */,
				9A09253E2AD593DC0068F7BC /* TargetingTableViewCell.xib */,
				9A4467A62AD5F29B00AD3FC1 /* FooterView.swift */,
				9A4467AA2AD5F51C00AD3FC1 /* FooterView.xib */,
				9A5046512AD1939A001D6C21 /* SpecificsViewController.swift */,
			);
			path = View;
			sourceTree = "<group>";
		};
		9A837B972ACBFEFF002F2B3C /* Campaign */ = {
			isa = PBXGroup;
			children = (
				9A837B982ACBFF1F002F2B3C /* ViewModel */,
				9A2C76F42ACB656600B1AEE8 /* Model */,
				9A4467B92AD7272600AD3FC1 /* View */,
			);
			path = Campaign;
			sourceTree = "<group>";
		};
		9A837B982ACBFF1F002F2B3C /* ViewModel */ = {
			isa = PBXGroup;
			children = (
				9A837B992ACBFF4C002F2B3C /* DataParser.swift */,
				9A837B9B2ACC0139002F2B3C /* DataProvider.swift */,
				9A4467B72AD71FFE00AD3FC1 /* CampaignDetailsViewModel.swift */,
			);
			path = ViewModel;
			sourceTree = "<group>";
		};
/* End PBXGroup section */

/* Begin PBXNativeTarget section */
		9A2C76DA2ACB64AC00B1AEE8 /* AdCampaign */ = {
			isa = PBXNativeTarget;
			buildConfigurationList = 9A2C76EF2ACB64AD00B1AEE8 /* Build configuration list for PBXNativeTarget "AdCampaign" */;
			buildPhases = (
				9A2C76D72ACB64AC00B1AEE8 /* Sources */,
				9A2C76D82ACB64AC00B1AEE8 /* Frameworks */,
				9A2C76D92ACB64AC00B1AEE8 /* Resources */,
			);
			buildRules = (
			);
			dependencies = (
			);
			name = AdCampaign;
			productName = AdCampaign;
			productReference = 9A2C76DB2ACB64AC00B1AEE8 /* AdCampaign.app */;
			productType = "com.apple.product-type.application";
		};
/* End PBXNativeTarget section */

/* Begin PBXProject section */
		9A2C76D32ACB64AC00B1AEE8 /* Project object */ = {
			isa = PBXProject;
			attributes = {
				BuildIndependentTargetsInParallel = 1;
				LastSwiftUpdateCheck = 1500;
				LastUpgradeCheck = 1500;
				TargetAttributes = {
					9A2C76DA2ACB64AC00B1AEE8 = {
						CreatedOnToolsVersion = 15.0;
					};
				};
			};
			buildConfigurationList = 9A2C76D62ACB64AC00B1AEE8 /* Build configuration list for PBXProject "AdCampaign" */;
			compatibilityVersion = "Xcode 14.0";
			developmentRegion = en;
			hasScannedForEncodings = 0;
			knownRegions = (
				en,
				Base,
			);
			mainGroup = 9A2C76D22ACB64AC00B1AEE8;
			productRefGroup = 9A2C76DC2ACB64AC00B1AEE8 /* Products */;
			projectDirPath = "";
			projectRoot = "";
			targets = (
				9A2C76DA2ACB64AC00B1AEE8 /* AdCampaign */,
			);
		};
/* End PBXProject section */

/* Begin PBXResourcesBuildPhase section */
		9A2C76D92ACB64AC00B1AEE8 /* Resources */ = {
			isa = PBXResourcesBuildPhase;
			buildActionMask = 2147483647;
			files = (
				9A4467B02AD68D2F00AD3FC1 /* SelectCampaignViewController.xib in Resources */,
				9A2C76EB2ACB64AD00B1AEE8 /* LaunchScreen.storyboard in Resources */,
				9A09253F2AD593DC0068F7BC /* TargetingTableViewCell.xib in Resources */,
				9A4467BD2AD7274A00AD3FC1 /* CampaignDetailsViewController.xib in Resources */,
				9A2E2FBF2AD7C26700382B48 /* CampaignDetailsTableViewCell.xib in Resources */,
				9A4467AB2AD5F51C00AD3FC1 /* FooterView.xib in Resources */,
				9A2C76E82ACB64AD00B1AEE8 /* Assets.xcassets in Resources */,
				9A2C76F32ACB64EC00B1AEE8 /* Campaigns.plist in Resources */,
				9A5046362ACE0006001D6C21 /* Targeting.plist in Resources */,
				9A2C76E62ACB64AC00B1AEE8 /* Main.storyboard in Resources */,
			);
			runOnlyForDeploymentPostprocessing = 0;
		};
/* End PBXResourcesBuildPhase section */

/* Begin PBXSourcesBuildPhase section */
		9A2C76D72ACB64AC00B1AEE8 /* Sources */ = {
			isa = PBXSourcesBuildPhase;
			buildActionMask = 2147483647;
			files = (
				9A0925442AD5C2320068F7BC /* TargetingSpecificViewModel.swift in Sources */,
				9A2C76DF2ACB64AC00B1AEE8 /* AppDelegate.swift in Sources */,
				9A837B9A2ACBFF4C002F2B3C /* DataParser.swift in Sources */,
				9A4467B82AD71FFE00AD3FC1 /* CampaignDetailsViewModel.swift in Sources */,
				9A4467BC2AD7274A00AD3FC1 /* CampaignDetailsViewController.swift in Sources */,
				9A2C76FC2ACB6EA600B1AEE8 /* FacebookMediaCampaign.swift in Sources */,
				9A2C76E12ACB64AC00B1AEE8 /* SceneDelegate.swift in Sources */,
				9A4467A72AD5F29B00AD3FC1 /* FooterView.swift in Sources */,
				9A2C76F62ACB668100B1AEE8 /* SocialMediaCampaign.swift in Sources */,
				9A837B9C2ACC0139002F2B3C /* DataProvider.swift in Sources */,
				9A09253C2AD566C50068F7BC /* TargetingTableViewCell.swift in Sources */,
				9A46143A2ACDA69B002C6594 /* SEOCampaign.swift in Sources */,
				9A4467B32AD68D5E00AD3FC1 /* CampaignSelectionViewModel.swift in Sources */,
				9A0925392AD3F6930068F7BC /* UIKitExtensions.swift in Sources */,
				9A5046522AD1939A001D6C21 /* SpecificsViewController.swift in Sources */,
				9A2C76FA2ACB6C3500B1AEE8 /* TargetType.swift in Sources */,
				9A4467AF2AD68D2F00AD3FC1 /* SelectCampaignViewController.swift in Sources */,
				9A2E2FBE2AD7C26700382B48 /* CampaignDetailsTableViewCell.swift in Sources */,
				9A50463A2ACEC2CC001D6C21 /* TargetingSpecifics.swift in Sources */,
				9A837B962ACBF4DF002F2B3C /* LinkedInMediaCampaign.swift in Sources */,
				9A4467B62AD6993400AD3FC1 /* CampaignTableViewCell.swift in Sources */,
				9A4467A52AD5E2D400AD3FC1 /* FlashOnSelectionTableViewCell.swift in Sources */,
				9A4467C82AD739B600AD3FC1 /* Constants.swift in Sources */,
			);
			runOnlyForDeploymentPostprocessing = 0;
		};
/* End PBXSourcesBuildPhase section */

/* Begin PBXVariantGroup section */
		9A2C76E42ACB64AC00B1AEE8 /* Main.storyboard */ = {
			isa = PBXVariantGroup;
			children = (
				9A2C76E52ACB64AC00B1AEE8 /* Base */,
			);
			name = Main.storyboard;
			sourceTree = "<group>";
		};
		9A2C76E92ACB64AD00B1AEE8 /* LaunchScreen.storyboard */ = {
			isa = PBXVariantGroup;
			children = (
				9A2C76EA2ACB64AD00B1AEE8 /* Base */,
			);
			name = LaunchScreen.storyboard;
			sourceTree = "<group>";
		};
/* End PBXVariantGroup section */

/* Begin XCBuildConfiguration section */
		9A2C76ED2ACB64AD00B1AEE8 /* Debug */ = {
			isa = XCBuildConfiguration;
			buildSettings = {
				ALWAYS_SEARCH_USER_PATHS = NO;
				ASSETCATALOG_COMPILER_GENERATE_SWIFT_ASSET_SYMBOL_EXTENSIONS = YES;
				CLANG_ANALYZER_NONNULL = YES;
				CLANG_ANALYZER_NUMBER_OBJECT_CONVERSION = YES_AGGRESSIVE;
				CLANG_CXX_LANGUAGE_STANDARD = "gnu++20";
				CLANG_ENABLE_MODULES = YES;
				CLANG_ENABLE_OBJC_ARC = YES;
				CLANG_ENABLE_OBJC_WEAK = YES;
				CLANG_WARN_BLOCK_CAPTURE_AUTORELEASING = YES;
				CLANG_WARN_BOOL_CONVERSION = YES;
				CLANG_WARN_COMMA = YES;
				CLANG_WARN_CONSTANT_CONVERSION = YES;
				CLANG_WARN_DEPRECATED_OBJC_IMPLEMENTATIONS = YES;
				CLANG_WARN_DIRECT_OBJC_ISA_USAGE = YES_ERROR;
				CLANG_WARN_DOCUMENTATION_COMMENTS = YES;
				CLANG_WARN_EMPTY_BODY = YES;
				CLANG_WARN_ENUM_CONVERSION = YES;
				CLANG_WARN_INFINITE_RECURSION = YES;
				CLANG_WARN_INT_CONVERSION = YES;
				CLANG_WARN_NON_LITERAL_NULL_CONVERSION = YES;
				CLANG_WARN_OBJC_IMPLICIT_RETAIN_SELF = YES;
				CLANG_WARN_OBJC_LITERAL_CONVERSION = YES;
				CLANG_WARN_OBJC_ROOT_CLASS = YES_ERROR;
				CLANG_WARN_QUOTED_INCLUDE_IN_FRAMEWORK_HEADER = YES;
				CLANG_WARN_RANGE_LOOP_ANALYSIS = YES;
				CLANG_WARN_STRICT_PROTOTYPES = YES;
				CLANG_WARN_SUSPICIOUS_MOVE = YES;
				CLANG_WARN_UNGUARDED_AVAILABILITY = YES_AGGRESSIVE;
				CLANG_WARN_UNREACHABLE_CODE = YES;
				CLANG_WARN__DUPLICATE_METHOD_MATCH = YES;
				COPY_PHASE_STRIP = NO;
				DEBUG_INFORMATION_FORMAT = dwarf;
				ENABLE_STRICT_OBJC_MSGSEND = YES;
				ENABLE_TESTABILITY = YES;
				ENABLE_USER_SCRIPT_SANDBOXING = YES;
				GCC_C_LANGUAGE_STANDARD = gnu17;
				GCC_DYNAMIC_NO_PIC = NO;
				GCC_NO_COMMON_BLOCKS = YES;
				GCC_OPTIMIZATION_LEVEL = 0;
				GCC_PREPROCESSOR_DEFINITIONS = (
					"DEBUG=1",
					"$(inherited)",
				);
				GCC_WARN_64_TO_32_BIT_CONVERSION = YES;
				GCC_WARN_ABOUT_RETURN_TYPE = YES_ERROR;
				GCC_WARN_UNDECLARED_SELECTOR = YES;
				GCC_WARN_UNINITIALIZED_AUTOS = YES_AGGRESSIVE;
				GCC_WARN_UNUSED_FUNCTION = YES;
				GCC_WARN_UNUSED_VARIABLE = YES;
				IPHONEOS_DEPLOYMENT_TARGET = 17.0;
				LOCALIZATION_PREFERS_STRING_CATALOGS = YES;
				MTL_ENABLE_DEBUG_INFO = INCLUDE_SOURCE;
				MTL_FAST_MATH = YES;
				ONLY_ACTIVE_ARCH = YES;
				SDKROOT = iphoneos;
				SWIFT_ACTIVE_COMPILATION_CONDITIONS = "DEBUG $(inherited)";
				SWIFT_OPTIMIZATION_LEVEL = "-Onone";
			};
			name = Debug;
		};
		9A2C76EE2ACB64AD00B1AEE8 /* Release */ = {
			isa = XCBuildConfiguration;
			buildSettings = {
				ALWAYS_SEARCH_USER_PATHS = NO;
				ASSETCATALOG_COMPILER_GENERATE_SWIFT_ASSET_SYMBOL_EXTENSIONS = YES;
				CLANG_ANALYZER_NONNULL = YES;
				CLANG_ANALYZER_NUMBER_OBJECT_CONVERSION = YES_AGGRESSIVE;
				CLANG_CXX_LANGUAGE_STANDARD = "gnu++20";
				CLANG_ENABLE_MODULES = YES;
				CLANG_ENABLE_OBJC_ARC = YES;
				CLANG_ENABLE_OBJC_WEAK = YES;
				CLANG_WARN_BLOCK_CAPTURE_AUTORELEASING = YES;
				CLANG_WARN_BOOL_CONVERSION = YES;
				CLANG_WARN_COMMA = YES;
				CLANG_WARN_CONSTANT_CONVERSION = YES;
				CLANG_WARN_DEPRECATED_OBJC_IMPLEMENTATIONS = YES;
				CLANG_WARN_DIRECT_OBJC_ISA_USAGE = YES_ERROR;
				CLANG_WARN_DOCUMENTATION_COMMENTS = YES;
				CLANG_WARN_EMPTY_BODY = YES;
				CLANG_WARN_ENUM_CONVERSION = YES;
				CLANG_WARN_INFINITE_RECURSION = YES;
				CLANG_WARN_INT_CONVERSION = YES;
				CLANG_WARN_NON_LITERAL_NULL_CONVERSION = YES;
				CLANG_WARN_OBJC_IMPLICIT_RETAIN_SELF = YES;
				CLANG_WARN_OBJC_LITERAL_CONVERSION = YES;
				CLANG_WARN_OBJC_ROOT_CLASS = YES_ERROR;
				CLANG_WARN_QUOTED_INCLUDE_IN_FRAMEWORK_HEADER = YES;
				CLANG_WARN_RANGE_LOOP_ANALYSIS = YES;
				CLANG_WARN_STRICT_PROTOTYPES = YES;
				CLANG_WARN_SUSPICIOUS_MOVE = YES;
				CLANG_WARN_UNGUARDED_AVAILABILITY = YES_AGGRESSIVE;
				CLANG_WARN_UNREACHABLE_CODE = YES;
				CLANG_WARN__DUPLICATE_METHOD_MATCH = YES;
				COPY_PHASE_STRIP = NO;
				DEBUG_INFORMATION_FORMAT = "dwarf-with-dsym";
				ENABLE_NS_ASSERTIONS = NO;
				ENABLE_STRICT_OBJC_MSGSEND = YES;
				ENABLE_USER_SCRIPT_SANDBOXING = YES;
				GCC_C_LANGUAGE_STANDARD = gnu17;
				GCC_NO_COMMON_BLOCKS = YES;
				GCC_WARN_64_TO_32_BIT_CONVERSION = YES;
				GCC_WARN_ABOUT_RETURN_TYPE = YES_ERROR;
				GCC_WARN_UNDECLARED_SELECTOR = YES;
				GCC_WARN_UNINITIALIZED_AUTOS = YES_AGGRESSIVE;
				GCC_WARN_UNUSED_FUNCTION = YES;
				GCC_WARN_UNUSED_VARIABLE = YES;
				IPHONEOS_DEPLOYMENT_TARGET = 17.0;
				LOCALIZATION_PREFERS_STRING_CATALOGS = YES;
				MTL_ENABLE_DEBUG_INFO = NO;
				MTL_FAST_MATH = YES;
				SDKROOT = iphoneos;
				SWIFT_COMPILATION_MODE = wholemodule;
				VALIDATE_PRODUCT = YES;
			};
			name = Release;
		};
		9A2C76F02ACB64AD00B1AEE8 /* Debug */ = {
			isa = XCBuildConfiguration;
			buildSettings = {
				ASSETCATALOG_COMPILER_APPICON_NAME = AppIcon;
				ASSETCATALOG_COMPILER_GLOBAL_ACCENT_COLOR_NAME = AccentColor;
				CODE_SIGN_STYLE = Automatic;
				CURRENT_PROJECT_VERSION = 1;
				GENERATE_INFOPLIST_FILE = YES;
				INFOPLIST_FILE = AdCampaign/Info.plist;
				INFOPLIST_KEY_UIApplicationSupportsIndirectInputEvents = YES;
				INFOPLIST_KEY_UILaunchStoryboardName = LaunchScreen;
				INFOPLIST_KEY_UIMainStoryboardFile = Main;
				INFOPLIST_KEY_UISupportedInterfaceOrientations_iPad = "UIInterfaceOrientationPortrait UIInterfaceOrientationPortraitUpsideDown UIInterfaceOrientationLandscapeLeft UIInterfaceOrientationLandscapeRight";
				INFOPLIST_KEY_UISupportedInterfaceOrientations_iPhone = "UIInterfaceOrientationPortrait UIInterfaceOrientationLandscapeLeft UIInterfaceOrientationLandscapeRight";
				LD_RUNPATH_SEARCH_PATHS = (
					"$(inherited)",
					"@executable_path/Frameworks",
				);
				MARKETING_VERSION = 1.0;
				PRODUCT_BUNDLE_IDENTIFIER = com.vladstan.AdCampaign;
				PRODUCT_NAME = "$(TARGET_NAME)";
				SWIFT_EMIT_LOC_STRINGS = YES;
				SWIFT_VERSION = 5.0;
				TARGETED_DEVICE_FAMILY = "1,2";
			};
			name = Debug;
		};
		9A2C76F12ACB64AD00B1AEE8 /* Release */ = {
			isa = XCBuildConfiguration;
			buildSettings = {
				ASSETCATALOG_COMPILER_APPICON_NAME = AppIcon;
				ASSETCATALOG_COMPILER_GLOBAL_ACCENT_COLOR_NAME = AccentColor;
				CODE_SIGN_STYLE = Automatic;
				CURRENT_PROJECT_VERSION = 1;
				GENERATE_INFOPLIST_FILE = YES;
				INFOPLIST_FILE = AdCampaign/Info.plist;
				INFOPLIST_KEY_UIApplicationSupportsIndirectInputEvents = YES;
				INFOPLIST_KEY_UILaunchStoryboardName = LaunchScreen;
				INFOPLIST_KEY_UIMainStoryboardFile = Main;
				INFOPLIST_KEY_UISupportedInterfaceOrientations_iPad = "UIInterfaceOrientationPortrait UIInterfaceOrientationPortraitUpsideDown UIInterfaceOrientationLandscapeLeft UIInterfaceOrientationLandscapeRight";
				INFOPLIST_KEY_UISupportedInterfaceOrientations_iPhone = "UIInterfaceOrientationPortrait UIInterfaceOrientationLandscapeLeft UIInterfaceOrientationLandscapeRight";
				LD_RUNPATH_SEARCH_PATHS = (
					"$(inherited)",
					"@executable_path/Frameworks",
				);
				MARKETING_VERSION = 1.0;
				PRODUCT_BUNDLE_IDENTIFIER = com.vladstan.AdCampaign;
				PRODUCT_NAME = "$(TARGET_NAME)";
				SWIFT_EMIT_LOC_STRINGS = YES;
				SWIFT_VERSION = 5.0;
				TARGETED_DEVICE_FAMILY = "1,2";
			};
			name = Release;
		};
/* End XCBuildConfiguration section */

/* Begin XCConfigurationList section */
		9A2C76D62ACB64AC00B1AEE8 /* Build configuration list for PBXProject "AdCampaign" */ = {
			isa = XCConfigurationList;
			buildConfigurations = (
				9A2C76ED2ACB64AD00B1AEE8 /* Debug */,
				9A2C76EE2ACB64AD00B1AEE8 /* Release */,
			);
			defaultConfigurationIsVisible = 0;
			defaultConfigurationName = Release;
		};
		9A2C76EF2ACB64AD00B1AEE8 /* Build configuration list for PBXNativeTarget "AdCampaign" */ = {
			isa = XCConfigurationList;
			buildConfigurations = (
				9A2C76F02ACB64AD00B1AEE8 /* Debug */,
				9A2C76F12ACB64AD00B1AEE8 /* Release */,
			);
			defaultConfigurationIsVisible = 0;
			defaultConfigurationName = Release;
		};
/* End XCConfigurationList section */
	};
	rootObject = 9A2C76D32ACB64AC00B1AEE8 /* Project object */;
}
